
Microsoft Visual Studio Solution File, Format Version 12.00
# Visual Studio Version 17
VisualStudioVersion = 17.7.34221.43
MinimumVisualStudioVersion = 10.0.40219.1
Project("{8BC9CEB8-8B4A-11D0-8D11-00A0C91BC942}") = "01_Classes", "01_Classes\01_Classes.vcxproj", "{59FC2D0A-4532-44B3-8664-2BB8DAE30277}"
EndProject
Project("{2150E333-8FDC-42A3-9474-1A3956D46DE8}") = "Exercises", "Exercises", "{B9B5A9B3-7DBB-45D2-8887-5A5ED466F98A}"
EndProject
Project("{8BC9CEB8-8B4A-11D0-8D11-00A0C91BC942}") = "01_Dates", "01_Dates\01_Dates.vcxproj", "{FA4860DA-1AE9-4ED2-B932-04C42F1774AD}"
EndProject
Project("{8BC9CEB8-8B4A-11D0-8D11-00A0C91BC942}") = "02_ClassTemplates", "02_ClassTemplates\02_ClassTemplates.vcxproj", "{E0CFE1D5-8D0C-468E-9B37-C0065284DB4E}"
EndProject
Project("{8BC9CEB8-8B4A-11D0-8D11-00A0C91BC942}") = "02_Lifecycle", "02_Lifecycle\02_Lifecycle.vcxproj", "{43500F1F-8892-4D39-8E70-7159280D7232}"
EndProject
Project("{8BC9CEB8-8B4A-11D0-8D11-00A0C91BC942}") = "03_Fractions", "03_Fractions\03_Fractions.vcxproj", "{8F4FAF55-D819-4E97-AE4D-56E19465CEFA}"
EndProject
Project("{8BC9CEB8-8B4A-11D0-8D11-00A0C91BC942}") = "03_Inheritance", "03_Inheritance\03_Inheritance.vcxproj", "{0749ADC3-92DD-4B53-A581-2506592BCB1E}"
EndProject
Project("{8BC9CEB8-8B4A-11D0-8D11-00A0C91BC942}") = "04_CanvasSystem", "04_CanvasSystem\04_CanvasSystem.vcxproj", "{21D4A868-CFF2-4235-8EFA-202953492382}"
EndProject
Project("{8BC9CEB8-8B4A-11D0-8D11-00A0C91BC942}") = "04_RangeBasedLoops", "04_RangeBasedLoops\04_RangeBasedLoops.vcxproj", "{A4FCC294-7D50-4921-B0E5-F55F1338A39F}"
EndProject
Project("{8BC9CEB8-8B4A-11D0-8D11-00A0C91BC942}") = "05_Mutables", "05_Mutables\05_Mutables.vcxproj", "{57440E0F-23C5-4E7D-A37F-B8E3697122B3}"
EndProject
Project("{8BC9CEB8-8B4A-11D0-8D11-00A0C91BC942}") = "06_Literals", "06_Literals\06_Literals.vcxproj", "{9A3F9061-D0A7-4BAC-9FDF-58EFAD41BCF0}"
EndProject
Project("{8BC9CEB8-8B4A-11D0-8D11-00A0C91BC942}") = "07_TypeAlias", "07_TypeAlias\07_TypeAlias.vcxproj", "{FE1CEDAE-EC0C-46EE-8624-AD221E849D33}"
EndProject
Project("{8BC9CEB8-8B4A-11D0-8D11-00A0C91BC942}") = "08_Functionals", "08_Functionals\08_Functionals.vcxproj", "{2A6EE68A-DEE8-4B3A-9547-9A141304E4D2}"
EndProject
Project("{8BC9CEB8-8B4A-11D0-8D11-00A0C91BC942}") = "09_MoveSemantic", "09_MoveSemantic\09_MoveSemantic.vcxproj", "{39DDAAFB-EFDC-4252-9367-7DA3A0AF5608}"
EndProject
Project("{8BC9CEB8-8B4A-11D0-8D11-00A0C91BC942}") = "10_PerfectForwarding", "10_PerfectForwarding\10_PerfectForwarding.vcxproj", "{BF5387CF-6AA9-4E5E-9F7A-4BABC57A1DF6}"
EndProject
Project("{8BC9CEB8-8B4A-11D0-8D11-00A0C91BC942}") = "11_SmartPointers", "11_SmartPointers\11_SmartPointers.vcxproj", "{A721D9BC-7D50-4701-A509-03A3F4CD6665}"
EndProject
Project("{8BC9CEB8-8B4A-11D0-8D11-00A0C91BC942}") = "12_StdArray", "12_StdArray\12_StdArray.vcxproj", "{1905BD27-E9BD-41C9-88C8-EB9F0B3266EC}"
EndProject
Project("{8BC9CEB8-8B4A-11D0-8D11-00A0C91BC942}") = "13_Chrono", "13_Chrono\13_Chrono.vcxproj", "{45AA850A-D79B-4B1D-8296-E7A666428015}"
EndProject
Project("{8BC9CEB8-8B4A-11D0-8D11-00A0C91BC942}") = "14_Threads", "14_Threads\14_Threads.vcxproj", "{333E4FAC-2DB9-40D6-91FC-9705EDABD7A3}"
EndProject
Project("{8BC9CEB8-8B4A-11D0-8D11-00A0C91BC942}") = "15_Promises", "15_Promises\15_Promises.vcxproj", "{99EFF491-96A5-46E9-B7DD-3441FB2F2479}"
EndProject
Project("{8BC9CEB8-8B4A-11D0-8D11-00A0C91BC942}") = "05_Final", "05_Final\05_Final.vcxproj", "{3B628B02-B988-48D7-B62D-EF8B6183FF71}"
EndProject
Project("{2150E333-8FDC-42A3-9474-1A3956D46DE8}") = "Samples", "Samples", "{95DA91E2-9846-4BA4-BAE7-D2AA96C6FD98}"
EndProject
Project("{8BC9CEB8-8B4A-11D0-8D11-00A0C91BC942}") = "DefaultMembers", "DefaultMembers\DefaultMembers.vcxproj", "{0D81FDF4-C8B7-4DC2-84D5-731AF0195E25}"
EndProject
Project("{8BC9CEB8-8B4A-11D0-8D11-00A0C91BC942}") = "Destructuration", "Destructuration\Destructuration.vcxproj", "{AD62A792-CD98-4485-9BBD-FF748C3D1AB4}"
EndProject
Project("{8BC9CEB8-8B4A-11D0-8D11-00A0C91BC942}") = "Literals", "Literals\Literals.vcxproj", "{D6B59935-54E2-4840-B3B2-B4BFB31F1071}"
EndProject
Project("{8BC9CEB8-8B4A-11D0-8D11-00A0C91BC942}") = "Enums", "Enums\Enums.vcxproj", "{04F03BF8-6F26-44F0-A24E-98A0592D50A0}"
EndProject
Project("{8BC9CEB8-8B4A-11D0-8D11-00A0C91BC942}") = "StringView", "StringView\StringView.vcxproj", "{25606CFD-0DFE-46BF-8671-873FC8C48644}"
EndProject
Project("{8BC9CEB8-8B4A-11D0-8D11-00A0C91BC942}") = "Concepts", "Concepts\Concepts.vcxproj", "{617AEE7B-17CB-4392-8AB7-F03FAAA4DC7D}"
EndProject
Project("{8BC9CEB8-8B4A-11D0-8D11-00A0C91BC942}") = "Lambdas", "Lambdas\Lambdas.vcxproj", "{B1D147AD-D4A6-43D1-8142-D2808BE07BB4}"
EndProject
Project("{8BC9CEB8-8B4A-11D0-8D11-00A0C91BC942}") = "MoveSemantic", "MoveSemantic\MoveSemantic.vcxproj", "{C713D0F0-21AA-4263-AB10-655AD301E51D}"
EndProject
Project("{8BC9CEB8-8B4A-11D0-8D11-00A0C91BC942}") = "VariadicTemplates", "VariadicTemplates\VariadicTemplates.vcxproj", "{4BCB6B06-4086-4EF3-8792-8BF1B731F1AE}"
EndProject
Project("{8BC9CEB8-8B4A-11D0-8D11-00A0C91BC942}") = "TypeTraits", "TypeTraits\TypeTraits.vcxproj", "{4546E5E2-DDF8-4A74-8BF5-A4CF9FB267A7}"
EndProject
Project("{8BC9CEB8-8B4A-11D0-8D11-00A0C91BC942}") = "06_SortedList", "06_SortedList\06_SortedList.vcxproj", "{43CEE742-E58A-493F-A2F9-705271D0AEB8}"
EndProject
Global
	GlobalSection(SolutionConfigurationPlatforms) = preSolution
		Debug|x64 = Debug|x64
		Debug|x86 = Debug|x86
		Release|x64 = Release|x64
		Release|x86 = Release|x86
	EndGlobalSection
	GlobalSection(ProjectConfigurationPlatforms) = postSolution
		{59FC2D0A-4532-44B3-8664-2BB8DAE30277}.Debug|x64.ActiveCfg = Debug|x64
		{59FC2D0A-4532-44B3-8664-2BB8DAE30277}.Debug|x64.Build.0 = Debug|x64
		{59FC2D0A-4532-44B3-8664-2BB8DAE30277}.Debug|x86.ActiveCfg = Debug|Win32
		{59FC2D0A-4532-44B3-8664-2BB8DAE30277}.Debug|x86.Build.0 = Debug|Win32
		{59FC2D0A-4532-44B3-8664-2BB8DAE30277}.Release|x64.ActiveCfg = Release|x64
		{59FC2D0A-4532-44B3-8664-2BB8DAE30277}.Release|x64.Build.0 = Release|x64
		{59FC2D0A-4532-44B3-8664-2BB8DAE30277}.Release|x86.ActiveCfg = Release|Win32
		{59FC2D0A-4532-44B3-8664-2BB8DAE30277}.Release|x86.Build.0 = Release|Win32
		{FA4860DA-1AE9-4ED2-B932-04C42F1774AD}.Debug|x64.ActiveCfg = Debug|x64
		{FA4860DA-1AE9-4ED2-B932-04C42F1774AD}.Debug|x64.Build.0 = Debug|x64
		{FA4860DA-1AE9-4ED2-B932-04C42F1774AD}.Debug|x86.ActiveCfg = Debug|Win32
		{FA4860DA-1AE9-4ED2-B932-04C42F1774AD}.Debug|x86.Build.0 = Debug|Win32
		{FA4860DA-1AE9-4ED2-B932-04C42F1774AD}.Release|x64.ActiveCfg = Release|x64
		{FA4860DA-1AE9-4ED2-B932-04C42F1774AD}.Release|x64.Build.0 = Release|x64
		{FA4860DA-1AE9-4ED2-B932-04C42F1774AD}.Release|x86.ActiveCfg = Release|Win32
		{FA4860DA-1AE9-4ED2-B932-04C42F1774AD}.Release|x86.Build.0 = Release|Win32
		{E0CFE1D5-8D0C-468E-9B37-C0065284DB4E}.Debug|x64.ActiveCfg = Debug|x64
		{E0CFE1D5-8D0C-468E-9B37-C0065284DB4E}.Debug|x64.Build.0 = Debug|x64
		{E0CFE1D5-8D0C-468E-9B37-C0065284DB4E}.Debug|x86.ActiveCfg = Debug|Win32
		{E0CFE1D5-8D0C-468E-9B37-C0065284DB4E}.Debug|x86.Build.0 = Debug|Win32
		{E0CFE1D5-8D0C-468E-9B37-C0065284DB4E}.Release|x64.ActiveCfg = Release|x64
		{E0CFE1D5-8D0C-468E-9B37-C0065284DB4E}.Release|x64.Build.0 = Release|x64
		{E0CFE1D5-8D0C-468E-9B37-C0065284DB4E}.Release|x86.ActiveCfg = Release|Win32
		{E0CFE1D5-8D0C-468E-9B37-C0065284DB4E}.Release|x86.Build.0 = Release|Win32
		{43500F1F-8892-4D39-8E70-7159280D7232}.Debug|x64.ActiveCfg = Debug|x64
		{43500F1F-8892-4D39-8E70-7159280D7232}.Debug|x64.Build.0 = Debug|x64
		{43500F1F-8892-4D39-8E70-7159280D7232}.Debug|x86.ActiveCfg = Debug|Win32
		{43500F1F-8892-4D39-8E70-7159280D7232}.Debug|x86.Build.0 = Debug|Win32
		{43500F1F-8892-4D39-8E70-7159280D7232}.Release|x64.ActiveCfg = Release|x64
		{43500F1F-8892-4D39-8E70-7159280D7232}.Release|x64.Build.0 = Release|x64
		{43500F1F-8892-4D39-8E70-7159280D7232}.Release|x86.ActiveCfg = Release|Win32
		{43500F1F-8892-4D39-8E70-7159280D7232}.Release|x86.Build.0 = Release|Win32
		{8F4FAF55-D819-4E97-AE4D-56E19465CEFA}.Debug|x64.ActiveCfg = Debug|x64
		{8F4FAF55-D819-4E97-AE4D-56E19465CEFA}.Debug|x64.Build.0 = Debug|x64
		{8F4FAF55-D819-4E97-AE4D-56E19465CEFA}.Debug|x86.ActiveCfg = Debug|Win32
		{8F4FAF55-D819-4E97-AE4D-56E19465CEFA}.Debug|x86.Build.0 = Debug|Win32
		{8F4FAF55-D819-4E97-AE4D-56E19465CEFA}.Release|x64.ActiveCfg = Release|x64
		{8F4FAF55-D819-4E97-AE4D-56E19465CEFA}.Release|x64.Build.0 = Release|x64
		{8F4FAF55-D819-4E97-AE4D-56E19465CEFA}.Release|x86.ActiveCfg = Release|Win32
		{8F4FAF55-D819-4E97-AE4D-56E19465CEFA}.Release|x86.Build.0 = Release|Win32
		{0749ADC3-92DD-4B53-A581-2506592BCB1E}.Debug|x64.ActiveCfg = Debug|x64
		{0749ADC3-92DD-4B53-A581-2506592BCB1E}.Debug|x64.Build.0 = Debug|x64
		{0749ADC3-92DD-4B53-A581-2506592BCB1E}.Debug|x86.ActiveCfg = Debug|Win32
		{0749ADC3-92DD-4B53-A581-2506592BCB1E}.Debug|x86.Build.0 = Debug|Win32
		{0749ADC3-92DD-4B53-A581-2506592BCB1E}.Release|x64.ActiveCfg = Release|x64
		{0749ADC3-92DD-4B53-A581-2506592BCB1E}.Release|x64.Build.0 = Release|x64
		{0749ADC3-92DD-4B53-A581-2506592BCB1E}.Release|x86.ActiveCfg = Release|Win32
		{0749ADC3-92DD-4B53-A581-2506592BCB1E}.Release|x86.Build.0 = Release|Win32
		{21D4A868-CFF2-4235-8EFA-202953492382}.Debug|x64.ActiveCfg = Debug|x64
		{21D4A868-CFF2-4235-8EFA-202953492382}.Debug|x64.Build.0 = Debug|x64
		{21D4A868-CFF2-4235-8EFA-202953492382}.Debug|x86.ActiveCfg = Debug|Win32
		{21D4A868-CFF2-4235-8EFA-202953492382}.Debug|x86.Build.0 = Debug|Win32
		{21D4A868-CFF2-4235-8EFA-202953492382}.Release|x64.ActiveCfg = Release|x64
		{21D4A868-CFF2-4235-8EFA-202953492382}.Release|x64.Build.0 = Release|x64
		{21D4A868-CFF2-4235-8EFA-202953492382}.Release|x86.ActiveCfg = Release|Win32
		{21D4A868-CFF2-4235-8EFA-202953492382}.Release|x86.Build.0 = Release|Win32
		{A4FCC294-7D50-4921-B0E5-F55F1338A39F}.Debug|x64.ActiveCfg = Debug|x64
		{A4FCC294-7D50-4921-B0E5-F55F1338A39F}.Debug|x64.Build.0 = Debug|x64
		{A4FCC294-7D50-4921-B0E5-F55F1338A39F}.Debug|x86.ActiveCfg = Debug|Win32
		{A4FCC294-7D50-4921-B0E5-F55F1338A39F}.Debug|x86.Build.0 = Debug|Win32
		{A4FCC294-7D50-4921-B0E5-F55F1338A39F}.Release|x64.ActiveCfg = Release|x64
		{A4FCC294-7D50-4921-B0E5-F55F1338A39F}.Release|x64.Build.0 = Release|x64
		{A4FCC294-7D50-4921-B0E5-F55F1338A39F}.Release|x86.ActiveCfg = Release|Win32
		{A4FCC294-7D50-4921-B0E5-F55F1338A39F}.Release|x86.Build.0 = Release|Win32
		{57440E0F-23C5-4E7D-A37F-B8E3697122B3}.Debug|x64.ActiveCfg = Debug|x64
		{57440E0F-23C5-4E7D-A37F-B8E3697122B3}.Debug|x64.Build.0 = Debug|x64
		{57440E0F-23C5-4E7D-A37F-B8E3697122B3}.Debug|x86.ActiveCfg = Debug|Win32
		{57440E0F-23C5-4E7D-A37F-B8E3697122B3}.Debug|x86.Build.0 = Debug|Win32
		{57440E0F-23C5-4E7D-A37F-B8E3697122B3}.Release|x64.ActiveCfg = Release|x64
		{57440E0F-23C5-4E7D-A37F-B8E3697122B3}.Release|x64.Build.0 = Release|x64
		{57440E0F-23C5-4E7D-A37F-B8E3697122B3}.Release|x86.ActiveCfg = Release|Win32
		{57440E0F-23C5-4E7D-A37F-B8E3697122B3}.Release|x86.Build.0 = Release|Win32
		{9A3F9061-D0A7-4BAC-9FDF-58EFAD41BCF0}.Debug|x64.ActiveCfg = Debug|x64
		{9A3F9061-D0A7-4BAC-9FDF-58EFAD41BCF0}.Debug|x64.Build.0 = Debug|x64
		{9A3F9061-D0A7-4BAC-9FDF-58EFAD41BCF0}.Debug|x86.ActiveCfg = Debug|Win32
		{9A3F9061-D0A7-4BAC-9FDF-58EFAD41BCF0}.Debug|x86.Build.0 = Debug|Win32
		{9A3F9061-D0A7-4BAC-9FDF-58EFAD41BCF0}.Release|x64.ActiveCfg = Release|x64
		{9A3F9061-D0A7-4BAC-9FDF-58EFAD41BCF0}.Release|x64.Build.0 = Release|x64
		{9A3F9061-D0A7-4BAC-9FDF-58EFAD41BCF0}.Release|x86.ActiveCfg = Release|Win32
		{9A3F9061-D0A7-4BAC-9FDF-58EFAD41BCF0}.Release|x86.Build.0 = Release|Win32
		{FE1CEDAE-EC0C-46EE-8624-AD221E849D33}.Debug|x64.ActiveCfg = Debug|x64
		{FE1CEDAE-EC0C-46EE-8624-AD221E849D33}.Debug|x64.Build.0 = Debug|x64
		{FE1CEDAE-EC0C-46EE-8624-AD221E849D33}.Debug|x86.ActiveCfg = Debug|Win32
		{FE1CEDAE-EC0C-46EE-8624-AD221E849D33}.Debug|x86.Build.0 = Debug|Win32
		{FE1CEDAE-EC0C-46EE-8624-AD221E849D33}.Release|x64.ActiveCfg = Release|x64
		{FE1CEDAE-EC0C-46EE-8624-AD221E849D33}.Release|x64.Build.0 = Release|x64
		{FE1CEDAE-EC0C-46EE-8624-AD221E849D33}.Release|x86.ActiveCfg = Release|Win32
		{FE1CEDAE-EC0C-46EE-8624-AD221E849D33}.Release|x86.Build.0 = Release|Win32
		{2A6EE68A-DEE8-4B3A-9547-9A141304E4D2}.Debug|x64.ActiveCfg = Debug|x64
		{2A6EE68A-DEE8-4B3A-9547-9A141304E4D2}.Debug|x64.Build.0 = Debug|x64
		{2A6EE68A-DEE8-4B3A-9547-9A141304E4D2}.Debug|x86.ActiveCfg = Debug|Win32
		{2A6EE68A-DEE8-4B3A-9547-9A141304E4D2}.Debug|x86.Build.0 = Debug|Win32
		{2A6EE68A-DEE8-4B3A-9547-9A141304E4D2}.Release|x64.ActiveCfg = Release|x64
		{2A6EE68A-DEE8-4B3A-9547-9A141304E4D2}.Release|x64.Build.0 = Release|x64
		{2A6EE68A-DEE8-4B3A-9547-9A141304E4D2}.Release|x86.ActiveCfg = Release|Win32
		{2A6EE68A-DEE8-4B3A-9547-9A141304E4D2}.Release|x86.Build.0 = Release|Win32
		{39DDAAFB-EFDC-4252-9367-7DA3A0AF5608}.Debug|x64.ActiveCfg = Debug|x64
		{39DDAAFB-EFDC-4252-9367-7DA3A0AF5608}.Debug|x64.Build.0 = Debug|x64
		{39DDAAFB-EFDC-4252-9367-7DA3A0AF5608}.Debug|x86.ActiveCfg = Debug|Win32
		{39DDAAFB-EFDC-4252-9367-7DA3A0AF5608}.Debug|x86.Build.0 = Debug|Win32
		{39DDAAFB-EFDC-4252-9367-7DA3A0AF5608}.Release|x64.ActiveCfg = Release|x64
		{39DDAAFB-EFDC-4252-9367-7DA3A0AF5608}.Release|x64.Build.0 = Release|x64
		{39DDAAFB-EFDC-4252-9367-7DA3A0AF5608}.Release|x86.ActiveCfg = Release|Win32
		{39DDAAFB-EFDC-4252-9367-7DA3A0AF5608}.Release|x86.Build.0 = Release|Win32
		{BF5387CF-6AA9-4E5E-9F7A-4BABC57A1DF6}.Debug|x64.ActiveCfg = Debug|x64
		{BF5387CF-6AA9-4E5E-9F7A-4BABC57A1DF6}.Debug|x64.Build.0 = Debug|x64
		{BF5387CF-6AA9-4E5E-9F7A-4BABC57A1DF6}.Debug|x86.ActiveCfg = Debug|Win32
		{BF5387CF-6AA9-4E5E-9F7A-4BABC57A1DF6}.Debug|x86.Build.0 = Debug|Win32
		{BF5387CF-6AA9-4E5E-9F7A-4BABC57A1DF6}.Release|x64.ActiveCfg = Release|x64
		{BF5387CF-6AA9-4E5E-9F7A-4BABC57A1DF6}.Release|x64.Build.0 = Release|x64
		{BF5387CF-6AA9-4E5E-9F7A-4BABC57A1DF6}.Release|x86.ActiveCfg = Release|Win32
		{BF5387CF-6AA9-4E5E-9F7A-4BABC57A1DF6}.Release|x86.Build.0 = Release|Win32
		{A721D9BC-7D50-4701-A509-03A3F4CD6665}.Debug|x64.ActiveCfg = Debug|x64
		{A721D9BC-7D50-4701-A509-03A3F4CD6665}.Debug|x64.Build.0 = Debug|x64
		{A721D9BC-7D50-4701-A509-03A3F4CD6665}.Debug|x86.ActiveCfg = Debug|Win32
		{A721D9BC-7D50-4701-A509-03A3F4CD6665}.Debug|x86.Build.0 = Debug|Win32
		{A721D9BC-7D50-4701-A509-03A3F4CD6665}.Release|x64.ActiveCfg = Release|x64
		{A721D9BC-7D50-4701-A509-03A3F4CD6665}.Release|x64.Build.0 = Release|x64
		{A721D9BC-7D50-4701-A509-03A3F4CD6665}.Release|x86.ActiveCfg = Release|Win32
		{A721D9BC-7D50-4701-A509-03A3F4CD6665}.Release|x86.Build.0 = Release|Win32
		{1905BD27-E9BD-41C9-88C8-EB9F0B3266EC}.Debug|x64.ActiveCfg = Debug|x64
		{1905BD27-E9BD-41C9-88C8-EB9F0B3266EC}.Debug|x64.Build.0 = Debug|x64
		{1905BD27-E9BD-41C9-88C8-EB9F0B3266EC}.Debug|x86.ActiveCfg = Debug|Win32
		{1905BD27-E9BD-41C9-88C8-EB9F0B3266EC}.Debug|x86.Build.0 = Debug|Win32
		{1905BD27-E9BD-41C9-88C8-EB9F0B3266EC}.Release|x64.ActiveCfg = Release|x64
		{1905BD27-E9BD-41C9-88C8-EB9F0B3266EC}.Release|x64.Build.0 = Release|x64
		{1905BD27-E9BD-41C9-88C8-EB9F0B3266EC}.Release|x86.ActiveCfg = Release|Win32
		{1905BD27-E9BD-41C9-88C8-EB9F0B3266EC}.Release|x86.Build.0 = Release|Win32
		{45AA850A-D79B-4B1D-8296-E7A666428015}.Debug|x64.ActiveCfg = Debug|x64
		{45AA850A-D79B-4B1D-8296-E7A666428015}.Debug|x64.Build.0 = Debug|x64
		{45AA850A-D79B-4B1D-8296-E7A666428015}.Debug|x86.ActiveCfg = Debug|Win32
		{45AA850A-D79B-4B1D-8296-E7A666428015}.Debug|x86.Build.0 = Debug|Win32
		{45AA850A-D79B-4B1D-8296-E7A666428015}.Release|x64.ActiveCfg = Release|x64
		{45AA850A-D79B-4B1D-8296-E7A666428015}.Release|x64.Build.0 = Release|x64
		{45AA850A-D79B-4B1D-8296-E7A666428015}.Release|x86.ActiveCfg = Release|Win32
		{45AA850A-D79B-4B1D-8296-E7A666428015}.Release|x86.Build.0 = Release|Win32
		{333E4FAC-2DB9-40D6-91FC-9705EDABD7A3}.Debug|x64.ActiveCfg = Debug|x64
		{333E4FAC-2DB9-40D6-91FC-9705EDABD7A3}.Debug|x64.Build.0 = Debug|x64
		{333E4FAC-2DB9-40D6-91FC-9705EDABD7A3}.Debug|x86.ActiveCfg = Debug|Win32
		{333E4FAC-2DB9-40D6-91FC-9705EDABD7A3}.Debug|x86.Build.0 = Debug|Win32
		{333E4FAC-2DB9-40D6-91FC-9705EDABD7A3}.Release|x64.ActiveCfg = Release|x64
		{333E4FAC-2DB9-40D6-91FC-9705EDABD7A3}.Release|x64.Build.0 = Release|x64
		{333E4FAC-2DB9-40D6-91FC-9705EDABD7A3}.Release|x86.ActiveCfg = Release|Win32
		{333E4FAC-2DB9-40D6-91FC-9705EDABD7A3}.Release|x86.Build.0 = Release|Win32
		{99EFF491-96A5-46E9-B7DD-3441FB2F2479}.Debug|x64.ActiveCfg = Debug|x64
		{99EFF491-96A5-46E9-B7DD-3441FB2F2479}.Debug|x64.Build.0 = Debug|x64
		{99EFF491-96A5-46E9-B7DD-3441FB2F2479}.Debug|x86.ActiveCfg = Debug|Win32
		{99EFF491-96A5-46E9-B7DD-3441FB2F2479}.Debug|x86.Build.0 = Debug|Win32
		{99EFF491-96A5-46E9-B7DD-3441FB2F2479}.Release|x64.ActiveCfg = Release|x64
		{99EFF491-96A5-46E9-B7DD-3441FB2F2479}.Release|x64.Build.0 = Release|x64
		{99EFF491-96A5-46E9-B7DD-3441FB2F2479}.Release|x86.ActiveCfg = Release|Win32
		{99EFF491-96A5-46E9-B7DD-3441FB2F2479}.Release|x86.Build.0 = Release|Win32
		{3B628B02-B988-48D7-B62D-EF8B6183FF71}.Debug|x64.ActiveCfg = Debug|x64
		{3B628B02-B988-48D7-B62D-EF8B6183FF71}.Debug|x64.Build.0 = Debug|x64
		{3B628B02-B988-48D7-B62D-EF8B6183FF71}.Debug|x86.ActiveCfg = Debug|Win32
		{3B628B02-B988-48D7-B62D-EF8B6183FF71}.Debug|x86.Build.0 = Debug|Win32
		{3B628B02-B988-48D7-B62D-EF8B6183FF71}.Release|x64.ActiveCfg = Release|x64
		{3B628B02-B988-48D7-B62D-EF8B6183FF71}.Release|x64.Build.0 = Release|x64
		{3B628B02-B988-48D7-B62D-EF8B6183FF71}.Release|x86.ActiveCfg = Release|Win32
		{3B628B02-B988-48D7-B62D-EF8B6183FF71}.Release|x86.Build.0 = Release|Win32
		{0D81FDF4-C8B7-4DC2-84D5-731AF0195E25}.Debug|x64.ActiveCfg = Debug|x64
		{0D81FDF4-C8B7-4DC2-84D5-731AF0195E25}.Debug|x64.Build.0 = Debug|x64
		{0D81FDF4-C8B7-4DC2-84D5-731AF0195E25}.Debug|x86.ActiveCfg = Debug|Win32
		{0D81FDF4-C8B7-4DC2-84D5-731AF0195E25}.Debug|x86.Build.0 = Debug|Win32
		{0D81FDF4-C8B7-4DC2-84D5-731AF0195E25}.Release|x64.ActiveCfg = Release|x64
		{0D81FDF4-C8B7-4DC2-84D5-731AF0195E25}.Release|x64.Build.0 = Release|x64
		{0D81FDF4-C8B7-4DC2-84D5-731AF0195E25}.Release|x86.ActiveCfg = Release|Win32
		{0D81FDF4-C8B7-4DC2-84D5-731AF0195E25}.Release|x86.Build.0 = Release|Win32
		{AD62A792-CD98-4485-9BBD-FF748C3D1AB4}.Debug|x64.ActiveCfg = Debug|x64
		{AD62A792-CD98-4485-9BBD-FF748C3D1AB4}.Debug|x64.Build.0 = Debug|x64
		{AD62A792-CD98-4485-9BBD-FF748C3D1AB4}.Debug|x86.ActiveCfg = Debug|Win32
		{AD62A792-CD98-4485-9BBD-FF748C3D1AB4}.Debug|x86.Build.0 = Debug|Win32
		{AD62A792-CD98-4485-9BBD-FF748C3D1AB4}.Release|x64.ActiveCfg = Release|x64
		{AD62A792-CD98-4485-9BBD-FF748C3D1AB4}.Release|x64.Build.0 = Release|x64
		{AD62A792-CD98-4485-9BBD-FF748C3D1AB4}.Release|x86.ActiveCfg = Release|Win32
		{AD62A792-CD98-4485-9BBD-FF748C3D1AB4}.Release|x86.Build.0 = Release|Win32
		{D6B59935-54E2-4840-B3B2-B4BFB31F1071}.Debug|x64.ActiveCfg = Debug|x64
		{D6B59935-54E2-4840-B3B2-B4BFB31F1071}.Debug|x64.Build.0 = Debug|x64
		{D6B59935-54E2-4840-B3B2-B4BFB31F1071}.Debug|x86.ActiveCfg = Debug|Win32
		{D6B59935-54E2-4840-B3B2-B4BFB31F1071}.Debug|x86.Build.0 = Debug|Win32
		{D6B59935-54E2-4840-B3B2-B4BFB31F1071}.Release|x64.ActiveCfg = Release|x64
		{D6B59935-54E2-4840-B3B2-B4BFB31F1071}.Release|x64.Build.0 = Release|x64
		{D6B59935-54E2-4840-B3B2-B4BFB31F1071}.Release|x86.ActiveCfg = Release|Win32
		{D6B59935-54E2-4840-B3B2-B4BFB31F1071}.Release|x86.Build.0 = Release|Win32
		{04F03BF8-6F26-44F0-A24E-98A0592D50A0}.Debug|x64.ActiveCfg = Debug|x64
		{04F03BF8-6F26-44F0-A24E-98A0592D50A0}.Debug|x64.Build.0 = Debug|x64
		{04F03BF8-6F26-44F0-A24E-98A0592D50A0}.Debug|x86.ActiveCfg = Debug|Win32
		{04F03BF8-6F26-44F0-A24E-98A0592D50A0}.Debug|x86.Build.0 = Debug|Win32
		{04F03BF8-6F26-44F0-A24E-98A0592D50A0}.Release|x64.ActiveCfg = Release|x64
		{04F03BF8-6F26-44F0-A24E-98A0592D50A0}.Release|x64.Build.0 = Release|x64
		{04F03BF8-6F26-44F0-A24E-98A0592D50A0}.Release|x86.ActiveCfg = Release|Win32
		{04F03BF8-6F26-44F0-A24E-98A0592D50A0}.Release|x86.Build.0 = Release|Win32
		{25606CFD-0DFE-46BF-8671-873FC8C48644}.Debug|x64.ActiveCfg = Debug|x64
		{25606CFD-0DFE-46BF-8671-873FC8C48644}.Debug|x64.Build.0 = Debug|x64
		{25606CFD-0DFE-46BF-8671-873FC8C48644}.Debug|x86.ActiveCfg = Debug|Win32
		{25606CFD-0DFE-46BF-8671-873FC8C48644}.Debug|x86.Build.0 = Debug|Win32
		{25606CFD-0DFE-46BF-8671-873FC8C48644}.Release|x64.ActiveCfg = Release|x64
		{25606CFD-0DFE-46BF-8671-873FC8C48644}.Release|x64.Build.0 = Release|x64
		{25606CFD-0DFE-46BF-8671-873FC8C48644}.Release|x86.ActiveCfg = Release|Win32
		{25606CFD-0DFE-46BF-8671-873FC8C48644}.Release|x86.Build.0 = Release|Win32
		{617AEE7B-17CB-4392-8AB7-F03FAAA4DC7D}.Debug|x64.ActiveCfg = Debug|x64
		{617AEE7B-17CB-4392-8AB7-F03FAAA4DC7D}.Debug|x64.Build.0 = Debug|x64
		{617AEE7B-17CB-4392-8AB7-F03FAAA4DC7D}.Debug|x86.ActiveCfg = Debug|Win32
		{617AEE7B-17CB-4392-8AB7-F03FAAA4DC7D}.Debug|x86.Build.0 = Debug|Win32
		{617AEE7B-17CB-4392-8AB7-F03FAAA4DC7D}.Release|x64.ActiveCfg = Release|x64
		{617AEE7B-17CB-4392-8AB7-F03FAAA4DC7D}.Release|x64.Build.0 = Release|x64
		{617AEE7B-17CB-4392-8AB7-F03FAAA4DC7D}.Release|x86.ActiveCfg = Release|Win32
		{617AEE7B-17CB-4392-8AB7-F03FAAA4DC7D}.Release|x86.Build.0 = Release|Win32
		{B1D147AD-D4A6-43D1-8142-D2808BE07BB4}.Debug|x64.ActiveCfg = Debug|x64
		{B1D147AD-D4A6-43D1-8142-D2808BE07BB4}.Debug|x64.Build.0 = Debug|x64
		{B1D147AD-D4A6-43D1-8142-D2808BE07BB4}.Debug|x86.ActiveCfg = Debug|Win32
		{B1D147AD-D4A6-43D1-8142-D2808BE07BB4}.Debug|x86.Build.0 = Debug|Win32
		{B1D147AD-D4A6-43D1-8142-D2808BE07BB4}.Release|x64.ActiveCfg = Release|x64
		{B1D147AD-D4A6-43D1-8142-D2808BE07BB4}.Release|x64.Build.0 = Release|x64
		{B1D147AD-D4A6-43D1-8142-D2808BE07BB4}.Release|x86.ActiveCfg = Release|Win32
		{B1D147AD-D4A6-43D1-8142-D2808BE07BB4}.Release|x86.Build.0 = Release|Win32
		{C713D0F0-21AA-4263-AB10-655AD301E51D}.Debug|x64.ActiveCfg = Debug|x64
		{C713D0F0-21AA-4263-AB10-655AD301E51D}.Debug|x64.Build.0 = Debug|x64
		{C713D0F0-21AA-4263-AB10-655AD301E51D}.Debug|x86.ActiveCfg = Debug|Win32
		{C713D0F0-21AA-4263-AB10-655AD301E51D}.Debug|x86.Build.0 = Debug|Win32
		{C713D0F0-21AA-4263-AB10-655AD301E51D}.Release|x64.ActiveCfg = Release|x64
		{C713D0F0-21AA-4263-AB10-655AD301E51D}.Release|x64.Build.0 = Release|x64
		{C713D0F0-21AA-4263-AB10-655AD301E51D}.Release|x86.ActiveCfg = Release|Win32
		{C713D0F0-21AA-4263-AB10-655AD301E51D}.Release|x86.Build.0 = Release|Win32
		{4BCB6B06-4086-4EF3-8792-8BF1B731F1AE}.Debug|x64.ActiveCfg = Debug|x64
		{4BCB6B06-4086-4EF3-8792-8BF1B731F1AE}.Debug|x64.Build.0 = Debug|x64
		{4BCB6B06-4086-4EF3-8792-8BF1B731F1AE}.Debug|x86.ActiveCfg = Debug|Win32
		{4BCB6B06-4086-4EF3-8792-8BF1B731F1AE}.Debug|x86.Build.0 = Debug|Win32
		{4BCB6B06-4086-4EF3-8792-8BF1B731F1AE}.Release|x64.ActiveCfg = Release|x64
		{4BCB6B06-4086-4EF3-8792-8BF1B731F1AE}.Release|x64.Build.0 = Release|x64
		{4BCB6B06-4086-4EF3-8792-8BF1B731F1AE}.Release|x86.ActiveCfg = Release|Win32
		{4BCB6B06-4086-4EF3-8792-8BF1B731F1AE}.Release|x86.Build.0 = Release|Win32
		{4546E5E2-DDF8-4A74-8BF5-A4CF9FB267A7}.Debug|x64.ActiveCfg = Debug|x64
		{4546E5E2-DDF8-4A74-8BF5-A4CF9FB267A7}.Debug|x64.Build.0 = Debug|x64
		{4546E5E2-DDF8-4A74-8BF5-A4CF9FB267A7}.Debug|x86.ActiveCfg = Debug|Win32
		{4546E5E2-DDF8-4A74-8BF5-A4CF9FB267A7}.Debug|x86.Build.0 = Debug|Win32
		{4546E5E2-DDF8-4A74-8BF5-A4CF9FB267A7}.Release|x64.ActiveCfg = Release|x64
		{4546E5E2-DDF8-4A74-8BF5-A4CF9FB267A7}.Release|x64.Build.0 = Release|x64
		{4546E5E2-DDF8-4A74-8BF5-A4CF9FB267A7}.Release|x86.ActiveCfg = Release|Win32
		{4546E5E2-DDF8-4A74-8BF5-A4CF9FB267A7}.Release|x86.Build.0 = Release|Win32
		{43CEE742-E58A-493F-A2F9-705271D0AEB8}.Debug|x64.ActiveCfg = Debug|x64
		{43CEE742-E58A-493F-A2F9-705271D0AEB8}.Debug|x64.Build.0 = Debug|x64
		{43CEE742-E58A-493F-A2F9-705271D0AEB8}.Debug|x86.ActiveCfg = Debug|Win32
		{43CEE742-E58A-493F-A2F9-705271D0AEB8}.Debug|x86.Build.0 = Debug|Win32
		{43CEE742-E58A-493F-A2F9-705271D0AEB8}.Release|x64.ActiveCfg = Release|x64
		{43CEE742-E58A-493F-A2F9-705271D0AEB8}.Release|x64.Build.0 = Release|x64
		{43CEE742-E58A-493F-A2F9-705271D0AEB8}.Release|x86.ActiveCfg = Release|Win32
		{43CEE742-E58A-493F-A2F9-705271D0AEB8}.Release|x86.Build.0 = Release|Win32
	EndGlobalSection
	GlobalSection(SolutionProperties) = preSolution
		HideSolutionNode = FALSE
	EndGlobalSection
	GlobalSection(NestedProjects) = preSolution
		{FA4860DA-1AE9-4ED2-B932-04C42F1774AD} = {B9B5A9B3-7DBB-45D2-8887-5A5ED466F98A}
		{E0CFE1D5-8D0C-468E-9B37-C0065284DB4E} = {B9B5A9B3-7DBB-45D2-8887-5A5ED466F98A}
		{8F4FAF55-D819-4E97-AE4D-56E19465CEFA} = {B9B5A9B3-7DBB-45D2-8887-5A5ED466F98A}
		{21D4A868-CFF2-4235-8EFA-202953492382} = {B9B5A9B3-7DBB-45D2-8887-5A5ED466F98A}
		{3B628B02-B988-48D7-B62D-EF8B6183FF71} = {B9B5A9B3-7DBB-45D2-8887-5A5ED466F98A}
		{0D81FDF4-C8B7-4DC2-84D5-731AF0195E25} = {95DA91E2-9846-4BA4-BAE7-D2AA96C6FD98}
		{AD62A792-CD98-4485-9BBD-FF748C3D1AB4} = {95DA91E2-9846-4BA4-BAE7-D2AA96C6FD98}
		{D6B59935-54E2-4840-B3B2-B4BFB31F1071} = {95DA91E2-9846-4BA4-BAE7-D2AA96C6FD98}
		{04F03BF8-6F26-44F0-A24E-98A0592D50A0} = {95DA91E2-9846-4BA4-BAE7-D2AA96C6FD98}
		{25606CFD-0DFE-46BF-8671-873FC8C48644} = {95DA91E2-9846-4BA4-BAE7-D2AA96C6FD98}
		{617AEE7B-17CB-4392-8AB7-F03FAAA4DC7D} = {95DA91E2-9846-4BA4-BAE7-D2AA96C6FD98}
		{B1D147AD-D4A6-43D1-8142-D2808BE07BB4} = {95DA91E2-9846-4BA4-BAE7-D2AA96C6FD98}
		{C713D0F0-21AA-4263-AB10-655AD301E51D} = {95DA91E2-9846-4BA4-BAE7-D2AA96C6FD98}
		{4BCB6B06-4086-4EF3-8792-8BF1B731F1AE} = {95DA91E2-9846-4BA4-BAE7-D2AA96C6FD98}
		{4546E5E2-DDF8-4A74-8BF5-A4CF9FB267A7} = {95DA91E2-9846-4BA4-BAE7-D2AA96C6FD98}
		{43CEE742-E58A-493F-A2F9-705271D0AEB8} = {B9B5A9B3-7DBB-45D2-8887-5A5ED466F98A}
	EndGlobalSection
	GlobalSection(ExtensibilityGlobals) = postSolution
		SolutionGuid = {8EA97A38-5E22-441C-AA99-8EC288AE4771}
	EndGlobalSection
EndGlobal
